
Microsoft Visual Studio Solution File, Format Version 11.00
# Visual Studio 2010
Project("{FAE04EC0-301F-11D3-BF4B-00C04F79EFBC}") = "Assembly-CSharp", "Assembly-CSharp.csproj", "{A7D2A5EB-D057-3AD4-58E8-EAA5593FFF15}"
EndProject
Project("{FAE04EC0-301F-11D3-BF4B-00C04F79EFBC}") = "Assembly-CSharp-Editor", "Assembly-CSharp-Editor.csproj", "{2BBF8E0D-A972-3462-774E-68ED15D8B69E}"
EndProject
Global
	GlobalSection(SolutionConfigurationPlatforms) = preSolution
		Debug|Any CPU = Debug|Any CPU
		Release|Any CPU = Release|Any CPU
	EndGlobalSection
	GlobalSection(ProjectConfigurationPlatforms) = postSolution
		{A7D2A5EB-D057-3AD4-58E8-EAA5593FFF15}.Debug|Any CPU.ActiveCfg = Debug|Any CPU
		{A7D2A5EB-D057-3AD4-58E8-EAA5593FFF15}.Debug|Any CPU.Build.0 = Debug|Any CPU
		{A7D2A5EB-D057-3AD4-58E8-EAA5593FFF15}.Release|Any CPU.ActiveCfg = Release|Any CPU
		{A7D2A5EB-D057-3AD4-58E8-EAA5593FFF15}.Release|Any CPU.Build.0 = Release|Any CPU
		{2BBF8E0D-A972-3462-774E-68ED15D8B69E}.Debug|Any CPU.ActiveCfg = Debug|Any CPU
		{2BBF8E0D-A972-3462-774E-68ED15D8B69E}.Debug|Any CPU.Build.0 = Debug|Any CPU
		{2BBF8E0D-A972-3462-774E-68ED15D8B69E}.Release|Any CPU.ActiveCfg = Release|Any CPU
		{2BBF8E0D-A972-3462-774E-68ED15D8B69E}.Release|Any CPU.Build.0 = Release|Any CPU
	EndGlobalSection
	GlobalSection(SolutionProperties) = preSolution
		HideSolutionNode = FALSE
	EndGlobalSection
	GlobalSection(MonoDevelopProperties) = preSolution
		StartupItem = Assembly-CSharp.csproj
	EndGlobalSection
EndGlobal
